
Microsoft Visual Studio Solution File, Format Version 12.00
# Visual Studio Version 16
VisualStudioVersion = 16.0.33027.164
MinimumVisualStudioVersion = 10.0.40219.1
Project("{FAE04EC0-301F-11D3-BF4B-00C04F79EFBC}") = "WPFWithNHibernate", "WPFWithNHibernate\WPFWithNHibernate.csproj", "{8B162EC8-2309-4D32-A735-9C0A98AC0AA5}"
EndProject
Global
	GlobalSection(SolutionConfigurationPlatforms) = preSolution
		Debug|Any CPU = Debug|Any CPU
		Release|Any CPU = Release|Any CPU
	EndGlobalSection
	GlobalSection(ProjectConfigurationPlatforms) = postSolution
		{8B162EC8-2309-4D32-A735-9C0A98AC0AA5}.Debug|Any CPU.ActiveCfg = Debug|Any CPU
		{8B162EC8-2309-4D32-A735-9C0A98AC0AA5}.Debug|Any CPU.Build.0 = Debug|Any CPU
		{8B162EC8-2309-4D32-A735-9C0A98AC0AA5}.Release|Any CPU.ActiveCfg = Release|Any CPU
		{8B162EC8-2309-4D32-A735-9C0A98AC0AA5}.Release|Any CPU.Build.0 = Release|Any CPU
	EndGlobalSection
	GlobalSection(SolutionProperties) = preSolution
		HideSolutionNode = FALSE
	EndGlobalSection
	GlobalSection(ExtensibilityGlobals) = postSolution
		SolutionGuid = {62272653-1E3F-441F-9760-A3D216CA852E}
	EndGlobalSection
EndGlobal
